
Microsoft Visual Studio Solution File, Format Version 12.00
# Visual Studio Version 16
VisualStudioVersion = 16.0.30503.244
MinimumVisualStudioVersion = 10.0.40219.1
Project("{8BC9CEB8-8B4A-11D0-8D11-00A0C91BC942}") = "hw10_21800147", "hw10_21800147.vcxproj", "{F0945F00-20BE-42AF-A16E-D754F77CB6FF}"
EndProject
Global
	GlobalSection(SolutionConfigurationPlatforms) = preSolution
		Debug|x64 = Debug|x64
		Debug|x86 = Debug|x86
		Release|x64 = Release|x64
		Release|x86 = Release|x86
	EndGlobalSection
	GlobalSection(ProjectConfigurationPlatforms) = postSolution
		{F0945F00-20BE-42AF-A16E-D754F77CB6FF}.Debug|x64.ActiveCfg = Debug|x64
		{F0945F00-20BE-42AF-A16E-D754F77CB6FF}.Debug|x64.Build.0 = Debug|x64
		{F0945F00-20BE-42AF-A16E-D754F77CB6FF}.Debug|x86.ActiveCfg = Debug|Win32
		{F0945F00-20BE-42AF-A16E-D754F77CB6FF}.Debug|x86.Build.0 = Debug|Win32
		{F0945F00-20BE-42AF-A16E-D754F77CB6FF}.Release|x64.ActiveCfg = Release|x64
		{F0945F00-20BE-42AF-A16E-D754F77CB6FF}.Release|x64.Build.0 = Release|x64
		{F0945F00-20BE-42AF-A16E-D754F77CB6FF}.Release|x86.ActiveCfg = Release|Win32
		{F0945F00-20BE-42AF-A16E-D754F77CB6FF}.Release|x86.Build.0 = Release|Win32
	EndGlobalSection
	GlobalSection(SolutionProperties) = preSolution
		HideSolutionNode = FALSE
	EndGlobalSection
	GlobalSection(ExtensibilityGlobals) = postSolution
		SolutionGuid = {72D38487-B5DD-4E2F-928F-7E7AA3E72A49}
	EndGlobalSection
EndGlobal
